
Microsoft Visual Studio Solution File, Format Version 12.00
# Visual Studio Version 17
VisualStudioVersion = 17.0.31903.59
MinimumVisualStudioVersion = 10.0.40219.1
Project("{2150E333-8FDC-42A3-9474-1A3956D46DE8}") = "src", "src", "{0184B7BD-4481-4E37-B1BF-DBD6337DFD7F}"
EndProject
Project("{9A19103F-16F7-4668-BE54-9A1E7A4F7556}") = "ReadFileWell.Cli", "src\ReadFileWell.Cli\ReadFileWell.Cli.csproj", "{652F6B82-B703-431E-91BA-9250F1002982}"
EndProject
Global
	GlobalSection(SolutionConfigurationPlatforms) = preSolution
		Debug|Any CPU = Debug|Any CPU
		Release|Any CPU = Release|Any CPU
	EndGlobalSection
	GlobalSection(ProjectConfigurationPlatforms) = postSolution
		{652F6B82-B703-431E-91BA-9250F1002982}.Debug|Any CPU.ActiveCfg = Debug|Any CPU
		{652F6B82-B703-431E-91BA-9250F1002982}.Debug|Any CPU.Build.0 = Debug|Any CPU
		{652F6B82-B703-431E-91BA-9250F1002982}.Release|Any CPU.ActiveCfg = Release|Any CPU
		{652F6B82-B703-431E-91BA-9250F1002982}.Release|Any CPU.Build.0 = Release|Any CPU
	EndGlobalSection
	GlobalSection(SolutionProperties) = preSolution
		HideSolutionNode = FALSE
	EndGlobalSection
	GlobalSection(NestedProjects) = preSolution
		{652F6B82-B703-431E-91BA-9250F1002982} = {0184B7BD-4481-4E37-B1BF-DBD6337DFD7F}
	EndGlobalSection
	GlobalSection(ExtensibilityGlobals) = postSolution
		SolutionGuid = {41443234-8A2F-47E5-B08A-0D8C3D12A4A8}
	EndGlobalSection
EndGlobal
